
Microsoft Visual Studio Solution File, Format Version 12.00
# Visual Studio Version 16
VisualStudioVersion = 16.0.29311.281
MinimumVisualStudioVersion = 10.0.40219.1
Project("{FAE04EC0-301F-11D3-BF4B-00C04F79EFBC}") = "cicd", "cicd.csproj", "{58D42CC8-87C0-4721-9C9B-29F4E6DB19C0}"
EndProject
Global
	GlobalSection(SolutionConfigurationPlatforms) = preSolution
		Debug|Any CPU = Debug|Any CPU
		Release|Any CPU = Release|Any CPU
	EndGlobalSection
	GlobalSection(ProjectConfigurationPlatforms) = postSolution
		{58D42CC8-87C0-4721-9C9B-29F4E6DB19C0}.Debug|Any CPU.ActiveCfg = Debug|Any CPU
		{58D42CC8-87C0-4721-9C9B-29F4E6DB19C0}.Debug|Any CPU.Build.0 = Debug|Any CPU
		{58D42CC8-87C0-4721-9C9B-29F4E6DB19C0}.Release|Any CPU.ActiveCfg = Release|Any CPU
		{58D42CC8-87C0-4721-9C9B-29F4E6DB19C0}.Release|Any CPU.Build.0 = Release|Any CPU
	EndGlobalSection
	GlobalSection(SolutionProperties) = preSolution
		HideSolutionNode = FALSE
	EndGlobalSection
	GlobalSection(ExtensibilityGlobals) = postSolution
		SolutionGuid = {96E6AC64-FE93-4503-938C-AEEA45EDC7E9}
	EndGlobalSection
EndGlobal
